
Microsoft Visual Studio Solution File, Format Version 12.00
# Visual Studio 14
VisualStudioVersion = 14.0.25123.0
MinimumVisualStudioVersion = 10.0.40219.1
Project("{FAE04EC0-301F-11D3-BF4B-00C04F79EFBC}") = "Sushi", "Sushi\Sushi.csproj", "{71AEA8FE-51FC-42C8-8410-A41D0565D14B}"
EndProject
Global
	GlobalSection(SolutionConfigurationPlatforms) = preSolution
		Debug|Any CPU = Debug|Any CPU
		Release|Any CPU = Release|Any CPU
	EndGlobalSection
	GlobalSection(ProjectConfigurationPlatforms) = postSolution
		{71AEA8FE-51FC-42C8-8410-A41D0565D14B}.Debug|Any CPU.ActiveCfg = Debug|Any CPU
		{71AEA8FE-51FC-42C8-8410-A41D0565D14B}.Debug|Any CPU.Build.0 = Debug|Any CPU
		{71AEA8FE-51FC-42C8-8410-A41D0565D14B}.Release|Any CPU.ActiveCfg = Release|Any CPU
		{71AEA8FE-51FC-42C8-8410-A41D0565D14B}.Release|Any CPU.Build.0 = Release|Any CPU
	EndGlobalSection
	GlobalSection(SolutionProperties) = preSolution
		HideSolutionNode = FALSE
	EndGlobalSection
EndGlobal
